<?xml version="1.0" encoding="utf-8"?>
<Project ToolsVersion="4.0" xmlns="http://schemas.microsoft.com/developer/msbuild/2003">
  <ItemGroup>
    <Filter Include="Header files">
      <UniqueIdentifier>{93995380-89BD-4b04-88EB-625FBE52EBFB}</UniqueIdentifier>
      <Extensions>h;hpp;hxx;hm;inl;inc;xsd</Extensions>
    </Filter>
    <Filter Include="Source files">
      <UniqueIdentifier>{4FC737F1-C7A5-4376-A066-2A32D752A2FF}</UniqueIdentifier>
      <Extensions>cpp;c;cc;cxx;def;odl;idl;hpj;bat;asm;asmx</Extensions>
    </Filter>
    <Filter Include="Resource files">
      <UniqueIdentifier>{67DA6AB6-F800-4c08-8B7A-83BB121AAD01}</UniqueIdentifier>
      <Extensions>rc;ico;cur;bmp;dlg;rc2;rct;bin;rgs;gif;jpg;jpeg;jpe;resx;tiff;tif;png;wav;mfcribbon-ms</Extensions>
    </Filter>
    <Filter Include="Kernel files">
      <UniqueIdentifier>{592a59e5-56b9-4d21-806b-cd26ca3a8431}</UniqueIdentifier>
      <Extensions>*.cl</Extensions>
    </Filter>
  </ItemGroup>
  <ItemGroup>
    <ClInclude Include="tbt\tbthc.h">
      <Filter>Header files</Filter>
    </ClInclude>
    <ClInclude Include="tbt\Module.h">
      <Filter>Header files</Filter>
    </ClInclude>
    <ClInclude Include="tbt\Error.h">
      <Filter>Header files</Filter>
    </ClInclude>
    <ClInclude Include="tbt\RadixSort.h">
      <Filter>Header files</Filter>
    </ClInclude>
    <ClInclude Include="tbt\DeviceController.h">
      <Filter>Header files</Filter>
    </ClInclude>
    <ClInclude Include="tbt\Global.h">
      <Filter>Header files</Filter>
    </ClInclude>
    <ClInclude Include="tbt\DeviceArray.h">
      <Filter>Header files</Filter>
    </ClInclude>
    <ClInclude Include="tbt\HostArray.h">
      <Filter>Header files</Filter>
    </ClInclude>
    <ClInclude Include="tbt\MappedArray.h">
      <Filter>Header files</Filter>
    </ClInclude>
    <ClInclude Include="tbt\algorithm.h">
      <Filter>Header files</Filter>
    </ClInclude>
  </ItemGroup>
  <ItemGroup>
    <ClCompile Include="src\tbthc.cpp">
      <Filter>Source files</Filter>
    </ClCompile>
    <ClCompile Include="src\Module.cpp">
      <Filter>Source files</Filter>
    </ClCompile>
    <ClCompile Include="src\RadixSort.cpp">
      <Filter>Source files</Filter>
    </ClCompile>
    <ClCompile Include="src\DeviceController.cpp">
      <Filter>Source files</Filter>
    </ClCompile>
    <ClCompile Include="src\Global.cpp">
      <Filter>Source files</Filter>
    </ClCompile>
    <ClCompile Include="src\algorithm.cpp">
      <Filter>Source files</Filter>
    </ClCompile>
  </ItemGroup>
  <ItemGroup>
    <None Include="kernels\radix.cl">
      <Filter>Kernel files</Filter>
    </None>
  </ItemGroup>
</Project>